
Microsoft Visual Studio Solution File, Format Version 12.00
# Visual Studio Version 16
VisualStudioVersion = 16.0.29324.140
MinimumVisualStudioVersion = 10.0.40219.1
Project("{FAE04EC0-301F-11D3-BF4B-00C04F79EFBC}") = "Dobo_Web", "Dobo_Web.csproj", "{A6572792-9C2F-4D46-B882-555B05C4E123}"
EndProject
Global
	GlobalSection(SolutionConfigurationPlatforms) = preSolution
		Debug|Any CPU = Debug|Any CPU
		Release|Any CPU = Release|Any CPU
	EndGlobalSection
	GlobalSection(ProjectConfigurationPlatforms) = postSolution
		{A6572792-9C2F-4D46-B882-555B05C4E123}.Debug|Any CPU.ActiveCfg = Debug|Any CPU
		{A6572792-9C2F-4D46-B882-555B05C4E123}.Debug|Any CPU.Build.0 = Debug|Any CPU
		{A6572792-9C2F-4D46-B882-555B05C4E123}.Release|Any CPU.ActiveCfg = Release|Any CPU
		{A6572792-9C2F-4D46-B882-555B05C4E123}.Release|Any CPU.Build.0 = Release|Any CPU
	EndGlobalSection
	GlobalSection(SolutionProperties) = preSolution
		HideSolutionNode = FALSE
	EndGlobalSection
	GlobalSection(ExtensibilityGlobals) = postSolution
		SolutionGuid = {0434F82D-31FC-4FBE-86E0-850C90578CB4}
	EndGlobalSection
EndGlobal
